
Microsoft Visual Studio Solution File, Format Version 12.00
# Visual Studio 15
VisualStudioVersion = 15.0.26124.0
MinimumVisualStudioVersion = 15.0.26124.0
Project("{FAE04EC0-301F-11D3-BF4B-00C04F79EFBC}") = "MediaWorld.Client", "MediaWorld.Client\MediaWorld.Client.csproj", "{9F0AD936-DB38-46B9-9956-D7764C5580D1}"
EndProject
Project("{FAE04EC0-301F-11D3-BF4B-00C04F79EFBC}") = "MediaWorld.Domain", "MediaWorld.Domain\MediaWorld.Domain.csproj", "{C37EC7D2-E026-4413-A148-3E5D0E34FA27}"
EndProject
Project("{FAE04EC0-301F-11D3-BF4B-00C04F79EFBC}") = "MediaWorld.Storage", "MediaWorld.Storage\MediaWorld.Storage.csproj", "{933A97C6-8605-4EC1-B2B2-28B5A7D7E007}"
EndProject
Project("{FAE04EC0-301F-11D3-BF4B-00C04F79EFBC}") = "MediaWorld.Testing", "MediaWorld.Testing\MediaWorld.Testing.csproj", "{38D300F9-36FA-4E48-849B-7D260F0E0511}"
EndProject
Global
	GlobalSection(SolutionConfigurationPlatforms) = preSolution
		Debug|Any CPU = Debug|Any CPU
		Debug|x64 = Debug|x64
		Debug|x86 = Debug|x86
		Release|Any CPU = Release|Any CPU
		Release|x64 = Release|x64
		Release|x86 = Release|x86
	EndGlobalSection
	GlobalSection(SolutionProperties) = preSolution
		HideSolutionNode = FALSE
	EndGlobalSection
	GlobalSection(ProjectConfigurationPlatforms) = postSolution
		{9F0AD936-DB38-46B9-9956-D7764C5580D1}.Debug|Any CPU.ActiveCfg = Debug|Any CPU
		{9F0AD936-DB38-46B9-9956-D7764C5580D1}.Debug|Any CPU.Build.0 = Debug|Any CPU
		{9F0AD936-DB38-46B9-9956-D7764C5580D1}.Debug|x64.ActiveCfg = Debug|Any CPU
		{9F0AD936-DB38-46B9-9956-D7764C5580D1}.Debug|x64.Build.0 = Debug|Any CPU
		{9F0AD936-DB38-46B9-9956-D7764C5580D1}.Debug|x86.ActiveCfg = Debug|Any CPU
		{9F0AD936-DB38-46B9-9956-D7764C5580D1}.Debug|x86.Build.0 = Debug|Any CPU
		{9F0AD936-DB38-46B9-9956-D7764C5580D1}.Release|Any CPU.ActiveCfg = Release|Any CPU
		{9F0AD936-DB38-46B9-9956-D7764C5580D1}.Release|Any CPU.Build.0 = Release|Any CPU
		{9F0AD936-DB38-46B9-9956-D7764C5580D1}.Release|x64.ActiveCfg = Release|Any CPU
		{9F0AD936-DB38-46B9-9956-D7764C5580D1}.Release|x64.Build.0 = Release|Any CPU
		{9F0AD936-DB38-46B9-9956-D7764C5580D1}.Release|x86.ActiveCfg = Release|Any CPU
		{9F0AD936-DB38-46B9-9956-D7764C5580D1}.Release|x86.Build.0 = Release|Any CPU
		{C37EC7D2-E026-4413-A148-3E5D0E34FA27}.Debug|Any CPU.ActiveCfg = Debug|Any CPU
		{C37EC7D2-E026-4413-A148-3E5D0E34FA27}.Debug|Any CPU.Build.0 = Debug|Any CPU
		{C37EC7D2-E026-4413-A148-3E5D0E34FA27}.Debug|x64.ActiveCfg = Debug|Any CPU
		{C37EC7D2-E026-4413-A148-3E5D0E34FA27}.Debug|x64.Build.0 = Debug|Any CPU
		{C37EC7D2-E026-4413-A148-3E5D0E34FA27}.Debug|x86.ActiveCfg = Debug|Any CPU
		{C37EC7D2-E026-4413-A148-3E5D0E34FA27}.Debug|x86.Build.0 = Debug|Any CPU
		{C37EC7D2-E026-4413-A148-3E5D0E34FA27}.Release|Any CPU.ActiveCfg = Release|Any CPU
		{C37EC7D2-E026-4413-A148-3E5D0E34FA27}.Release|Any CPU.Build.0 = Release|Any CPU
		{C37EC7D2-E026-4413-A148-3E5D0E34FA27}.Release|x64.ActiveCfg = Release|Any CPU
		{C37EC7D2-E026-4413-A148-3E5D0E34FA27}.Release|x64.Build.0 = Release|Any CPU
		{C37EC7D2-E026-4413-A148-3E5D0E34FA27}.Release|x86.ActiveCfg = Release|Any CPU
		{C37EC7D2-E026-4413-A148-3E5D0E34FA27}.Release|x86.Build.0 = Release|Any CPU
		{933A97C6-8605-4EC1-B2B2-28B5A7D7E007}.Debug|Any CPU.ActiveCfg = Debug|Any CPU
		{933A97C6-8605-4EC1-B2B2-28B5A7D7E007}.Debug|Any CPU.Build.0 = Debug|Any CPU
		{933A97C6-8605-4EC1-B2B2-28B5A7D7E007}.Debug|x64.ActiveCfg = Debug|Any CPU
		{933A97C6-8605-4EC1-B2B2-28B5A7D7E007}.Debug|x64.Build.0 = Debug|Any CPU
		{933A97C6-8605-4EC1-B2B2-28B5A7D7E007}.Debug|x86.ActiveCfg = Debug|Any CPU
		{933A97C6-8605-4EC1-B2B2-28B5A7D7E007}.Debug|x86.Build.0 = Debug|Any CPU
		{933A97C6-8605-4EC1-B2B2-28B5A7D7E007}.Release|Any CPU.ActiveCfg = Release|Any CPU
		{933A97C6-8605-4EC1-B2B2-28B5A7D7E007}.Release|Any CPU.Build.0 = Release|Any CPU
		{933A97C6-8605-4EC1-B2B2-28B5A7D7E007}.Release|x64.ActiveCfg = Release|Any CPU
		{933A97C6-8605-4EC1-B2B2-28B5A7D7E007}.Release|x64.Build.0 = Release|Any CPU
		{933A97C6-8605-4EC1-B2B2-28B5A7D7E007}.Release|x86.ActiveCfg = Release|Any CPU
		{933A97C6-8605-4EC1-B2B2-28B5A7D7E007}.Release|x86.Build.0 = Release|Any CPU
		{38D300F9-36FA-4E48-849B-7D260F0E0511}.Debug|Any CPU.ActiveCfg = Debug|Any CPU
		{38D300F9-36FA-4E48-849B-7D260F0E0511}.Debug|Any CPU.Build.0 = Debug|Any CPU
		{38D300F9-36FA-4E48-849B-7D260F0E0511}.Debug|x64.ActiveCfg = Debug|Any CPU
		{38D300F9-36FA-4E48-849B-7D260F0E0511}.Debug|x64.Build.0 = Debug|Any CPU
		{38D300F9-36FA-4E48-849B-7D260F0E0511}.Debug|x86.ActiveCfg = Debug|Any CPU
		{38D300F9-36FA-4E48-849B-7D260F0E0511}.Debug|x86.Build.0 = Debug|Any CPU
		{38D300F9-36FA-4E48-849B-7D260F0E0511}.Release|Any CPU.ActiveCfg = Release|Any CPU
		{38D300F9-36FA-4E48-849B-7D260F0E0511}.Release|Any CPU.Build.0 = Release|Any CPU
		{38D300F9-36FA-4E48-849B-7D260F0E0511}.Release|x64.ActiveCfg = Release|Any CPU
		{38D300F9-36FA-4E48-849B-7D260F0E0511}.Release|x64.Build.0 = Release|Any CPU
		{38D300F9-36FA-4E48-849B-7D260F0E0511}.Release|x86.ActiveCfg = Release|Any CPU
		{38D300F9-36FA-4E48-849B-7D260F0E0511}.Release|x86.Build.0 = Release|Any CPU
	EndGlobalSection
EndGlobal
